
Microsoft Visual Studio Solution File, Format Version 12.00
# Visual Studio Version 17
VisualStudioVersion = 17.4.33213.308
MinimumVisualStudioVersion = 10.0.40219.1
Project("{9A19103F-16F7-4668-BE54-9A1E7A4F7556}") = "Wetcardboard_Utilities_Api", "Wetcardboard_Utilities_Api\Wetcardboard_Utilities_Api.csproj", "{B2D897AD-03BC-4F15-A047-BAEBCF1CEC17}"
EndProject
Project("{9A19103F-16F7-4668-BE54-9A1E7A4F7556}") = "Wetcardboard_Shared", "..\Wetcardboard_Utilities\Wetcardboard_Shared\Wetcardboard_Shared.csproj", "{46AC88BD-4DCF-47E7-BCBE-882BC29F7094}"
EndProject
Project("{9A19103F-16F7-4668-BE54-9A1E7A4F7556}") = "Wetcardboard_Utilities_Models", "..\Wetcardboard_Utilities\Wetcardboard_Utilities_Models\Wetcardboard_Utilities_Models.csproj", "{4A99A140-21FA-4E92-8D17-C732ABB4DC09}"
EndProject
Project("{9A19103F-16F7-4668-BE54-9A1E7A4F7556}") = "Wetcardboard_Database", "..\Wetcardboard_Utilities\Wetcardboard_Database\Wetcardboard_Database.csproj", "{7C32AF96-0B1D-471C-9DC7-91044539B385}"
EndProject
Project("{9A19103F-16F7-4668-BE54-9A1E7A4F7556}") = "Wetcardboard_Utilities_Database", "..\Wetcardboard_Utilities\Wetcardboard_Utilities_Database\Wetcardboard_Utilities_Database.csproj", "{B0F58E7B-4B84-4D18-9388-C9372CB74855}"
EndProject
Project("{9A19103F-16F7-4668-BE54-9A1E7A4F7556}") = "Wetcardboard_General", "..\Wetcardboard_Utilities\Wetcardboard_Utilities_General\Wetcardboard_General.csproj", "{77D38203-6110-4F02-BEB5-A864F7A9DD87}"
EndProject
Global
	GlobalSection(SolutionConfigurationPlatforms) = preSolution
		Debug|Any CPU = Debug|Any CPU
		Release|Any CPU = Release|Any CPU
	EndGlobalSection
	GlobalSection(ProjectConfigurationPlatforms) = postSolution
		{B2D897AD-03BC-4F15-A047-BAEBCF1CEC17}.Debug|Any CPU.ActiveCfg = Debug|Any CPU
		{B2D897AD-03BC-4F15-A047-BAEBCF1CEC17}.Debug|Any CPU.Build.0 = Debug|Any CPU
		{B2D897AD-03BC-4F15-A047-BAEBCF1CEC17}.Release|Any CPU.ActiveCfg = Release|Any CPU
		{B2D897AD-03BC-4F15-A047-BAEBCF1CEC17}.Release|Any CPU.Build.0 = Release|Any CPU
		{46AC88BD-4DCF-47E7-BCBE-882BC29F7094}.Debug|Any CPU.ActiveCfg = Debug|Any CPU
		{46AC88BD-4DCF-47E7-BCBE-882BC29F7094}.Debug|Any CPU.Build.0 = Debug|Any CPU
		{46AC88BD-4DCF-47E7-BCBE-882BC29F7094}.Release|Any CPU.ActiveCfg = Release|Any CPU
		{46AC88BD-4DCF-47E7-BCBE-882BC29F7094}.Release|Any CPU.Build.0 = Release|Any CPU
		{4A99A140-21FA-4E92-8D17-C732ABB4DC09}.Debug|Any CPU.ActiveCfg = Debug|Any CPU
		{4A99A140-21FA-4E92-8D17-C732ABB4DC09}.Debug|Any CPU.Build.0 = Debug|Any CPU
		{4A99A140-21FA-4E92-8D17-C732ABB4DC09}.Release|Any CPU.ActiveCfg = Release|Any CPU
		{4A99A140-21FA-4E92-8D17-C732ABB4DC09}.Release|Any CPU.Build.0 = Release|Any CPU
		{7C32AF96-0B1D-471C-9DC7-91044539B385}.Debug|Any CPU.ActiveCfg = Debug|Any CPU
		{7C32AF96-0B1D-471C-9DC7-91044539B385}.Debug|Any CPU.Build.0 = Debug|Any CPU
		{7C32AF96-0B1D-471C-9DC7-91044539B385}.Release|Any CPU.ActiveCfg = Release|Any CPU
		{7C32AF96-0B1D-471C-9DC7-91044539B385}.Release|Any CPU.Build.0 = Release|Any CPU
		{B0F58E7B-4B84-4D18-9388-C9372CB74855}.Debug|Any CPU.ActiveCfg = Debug|Any CPU
		{B0F58E7B-4B84-4D18-9388-C9372CB74855}.Debug|Any CPU.Build.0 = Debug|Any CPU
		{B0F58E7B-4B84-4D18-9388-C9372CB74855}.Release|Any CPU.ActiveCfg = Release|Any CPU
		{B0F58E7B-4B84-4D18-9388-C9372CB74855}.Release|Any CPU.Build.0 = Release|Any CPU
		{77D38203-6110-4F02-BEB5-A864F7A9DD87}.Debug|Any CPU.ActiveCfg = Debug|Any CPU
		{77D38203-6110-4F02-BEB5-A864F7A9DD87}.Debug|Any CPU.Build.0 = Debug|Any CPU
		{77D38203-6110-4F02-BEB5-A864F7A9DD87}.Release|Any CPU.ActiveCfg = Release|Any CPU
		{77D38203-6110-4F02-BEB5-A864F7A9DD87}.Release|Any CPU.Build.0 = Release|Any CPU
	EndGlobalSection
	GlobalSection(SolutionProperties) = preSolution
		HideSolutionNode = FALSE
	EndGlobalSection
	GlobalSection(ExtensibilityGlobals) = postSolution
		SolutionGuid = {FB48214B-906A-4181-A50E-B1DB8198F35D}
	EndGlobalSection
EndGlobal
